github.com/AndreasBriese/bbloom v0.0.0-20170702084017-28f7e881ca57 h1:CVuXDbdzPW0XCNYTldy5dQues57geAs+vfwz3FTTpy8=
github.com/AndreasBriese/bbloom v0.0.0-20170702084017-28f7e881ca57/go.mod h1:bOvUY6CB00SOBii9/FifXqc0awNKxLFCL/+pkDPuyl8=
github.com/BurntSushi/toml v0.3.0 h1:e1/Ivsx3Z0FVTV0NSOv/aVgbUWyQuzj7DDnFblkRvsY=
github.com/BurntSushi/toml v0.3.0/go.mod h1:xHWCNGjB5oqiDr8zfno3MHue2Ht5sIBksp03qcyfWMU=
github.com/Logicalis/asn1 v0.0.0-20160307192209-c9c836c1a3cd h1:76w98Qh0h6ljKUhD3w9ck5YEvcbiewCjk5r+rCkN5ls=
github.com/Logicalis/asn1 v0.0.0-20160307192209-c9c836c1a3cd/go.mod h1:Zb3OT4l0mf7P/GOs2w2Ilj5sdm5Whoq3pa24dAEBHFc=
github.com/Shopify/sarama v1.16.0 h1:9pI5+ZN06jB3bu5kHXqzzaErMC5rimcIZBQL9IOiEQ0=
github.com/Shopify/sarama v1.16.0/go.mod h1:FVkBWblsNy7DGZRfXLU0O9RCGt5g3g3yEuWXgklEdEo=
github.com/boltdb/bolt v1.3.1 h1:JQmyP4ZBrce+ZQu0dY660FMfatumYDLun9hBCUVIkF4=
github.com/boltdb/bolt v1.3.1/go.mod h1:clJnj/oiGkjum5o1McbSZDSLxVThjynRyGBgiAx27Ps=
github.com/chzyer/readline v0.0.0-20180603132655-2972be24d48e/go.mod h1:nSuG5e5PlCu98SY8svDHJxuZscDgtXS6KTTbou5AhLI=
github.com/davecgh/go-spew v1.1.0 h1:ZDRjVQ15GmhC3fiQ8ni8+OwkZQO4DARzQgrnXU1Liz8=
github.com/davecgh/go-spew v1.1.0/go.mod h1:J7Y8YcW2NihsgmVo/mv3lAwl/skON4iLHjSsI+c5H38=
github.com/dgraph-io/badger v0.0.0-20180227002726-94594b20babf h1:ayckv03AMcuAxZUdjcv48EG2Ehf046p2hH93nkwY6Is=
github.com/dgraph-io/badger v0.0.0-20180227002726-94594b20babf/go.mod h1:VZxzAIRPHRVNRKRo6AXrX9BJegn6il06VMTZVJYCIjQ=
github.com/dgryski/go-farm v0.0.0-20180109070241-2de33835d102 h1:afESQBXJEnj3fu+34X//E8Wg3nEbMJxJkwSc0tPePK0=
github.com/dgryski/go-farm v0.0.0-20180109070241-2de33835d102/go.mod h1:SqUrOPUnsFjfmXRMNPybcSiG0BgUW2AuFH8PAnS2iTw=
github.com/dimfeld/httptreemux v3.9.0+incompatible/go.mod h1:rbUlSV+CCpv/SuqUTP/8Bk2O3LyUV436/yaRGkhP6Z0=
github.com/dutchcoders/gobus v0.0.0-20180915095724-ece5a7810d96 h1:ARovSufqjrmGPOf/Mpuy5gxaNJnb3oVxzI/PSGl9Q6E=
github.com/dutchcoders/gobus v0.0.0-20180915095724-ece5a7810d96/go.mod h1:vJKafhnl8UW4dXNR0jx3NMHnq56p9P1RpSaxIMSihgg=
github.com/eapache/go-resiliency v1.0.0 h1:XPZo5qMI0LGzIqT9wRq6dPv2vEuo9MWCar1wHY8Kuf4=
github.com/eapache/go-resiliency v1.0.0/go.mod h1:kFI+JgMyC7bLPUVY133qvEBtVayf5mFgVsvEsIPBvNs=
github.com/eapache/go-xerial-snappy v0.0.0-20160609142408-bb955e01b934 h1:oGLoaVIefp3tiOgi7+KInR/nNPvEpPM6GFo+El7fd14=
github.com/eapache/go-xerial-snappy v0.0.0-20160609142408-bb955e01b934/go.mod h1:+020luEh2TKB4/GOp8oxxtq0Daoen/Cii55CzbTV6DU=
github.com/eapache/queue v1.1.0 h1:YOEu7KNc61ntiQlcEeUIoDTJ2o8mQznoNvUhiigpIqc=
github.com/eapache/queue v1.1.0/go.mod h1:6eCeP0CKFpHLu8blIFXhExK/dRa7WDZfr6jVFPTqq+I=
github.com/elazarl/go-bindata-assetfs v0.0.0-20180223160309-38087fe4dafb h1:VdmaO6xVzif1n49tUs4s1xY53DwKVN6zH7+gmbAWm8A=
github.com/elazarl/go-bindata-assetfs v0.0.0-20180223160309-38087fe4dafb/go.mod h1:v+YaWX3bdea5J/mo8dSETolEo7R71Vk1u8bnjau5yw4=
github.com/fatih/color v1.6.0 h1:66qjqZk8kalYAvDRtM1AdAJQI0tj4Wrue3Eq3B3pmFU=
github.com/fatih/color v1.6.0/go.mod h1:Zm6kSWBoL9eyXnKyktHP6abPY2pDugNf5KwzbycvMj4=
github.com/fuyufjh/splunk-hec-go v0.3.3 h1:7PLVIODblK9FXfuAy8iPZg0lcw1YNzSQHfC+0NYgUxU=
github.com/fuyufjh/splunk-hec-go v0.3.3/go.mod h1:DSeNMkIDw6WdmEnc4CBxC1+Hk12JEQcsaymRG/g/Qns=
github.com/glycerine/rbuf v0.0.0-20171031012212-54320fe9f6f3 h1:GZLk0hk9wgGlRmrne2L/rVFYdf//dSgbSqYpfX0fYvY=
github.com/glycerine/rbuf v0.0.0-20171031012212-54320fe9f6f3/go.mod h1:BOGkN1CszB3i4g9xn96RH4t5uXnxJjnC5/RWJ1Wx7GM=
github.com/go-asn1-ber/asn1-ber v0.0.0-20170511165959-379148ca0225 h1:ThnlL+Jbi3PS98KdZn3jAwnxVcPKuhOVEJGwOoAUK5o=
github.com/go-asn1-ber/asn1-ber v0.0.0-20170511165959-379148ca0225/go.mod h1:SA+vgEakp8muBtTS90ucV8GmbAqU7h9ol3uQ8kAijOg=
github.com/golang/protobuf v0.0.0-20180202184318-bbd03ef6da3a h1:9xtEQaWwpPa1IeJROAONpl9Q0rXujyf4RISq8tRGQFo=
github.com/golang/protobuf v0.0.0-20180202184318-bbd03ef6da3a/go.mod h1:6lQm79b+lXiMfvg/cZm0SGofjICqVBUtrP5yJMmIC1U=
github.com/golang/snappy v0.0.0-20170215233205-553a64147049 h1:K9KHZbXKpGydfDN0aZrsoHpLJlZsBrGMFWbgLDGnPZk=
github.com/golang/snappy v0.0.0-20170215233205-553a64147049/go.mod h1:/XxbfmMg8lxefKM7IXC3fBNl/7bRcc72aCRzEWrmP2Q=
github.com/google/btree v1.0.0 h1:0udJVsspx3VBr5FwtLhQQtuAsVc79tTq0ocGIPAU6qo=
github.com/google/btree v1.0.0/go.mod h1:lNA+9X1NB3Zf8V7Ke586lFgjr2dZNuvo3lPJSGZ5JPQ=
github.com/google/gopacket v1.1.14 h1:1+TEhSu8Mh154ZBVjyd1Nt2Bb7cnyOeE3GQyb1WGLqI=
github.com/google/gopacket v1.1.14/go.mod h1:UCLx9mCmAwsVbn6qQl1WIEt2SO7Nd2fD0th1TBAsqBw=
github.com/gorilla/websocket v1.2.0 h1:VJtLvh6VQym50czpZzx07z/kw9EgAxI3x1ZB8taTMQQ=
github.com/gorilla/websocket v1.2.0/go.mod h1:E7qHFY5m1UJ88s3WnNqhKjPHQ0heANvMoAMk2YaljkQ=
github.com/honeytrap/honeytrap v0.0.0-20190405081451-87794dac6942 h1:LxJI2zYdZS+XHgcTfM5a4RgXIGXs/NROh/DbS2o2RhI=
github.com/honeytrap/honeytrap v0.0.0-20190405081451-87794dac6942/go.mod h1:kOud84EIo8dEPtDXZ3cfTSJXqVEBawdKN/FNHhpMYwk=
github.com/honeytrap/honeytrap-web v0.0.0-20180212153621-02944754979e h1:WdcDM3VW4a1Od4yrFBoFDAkuYaCnusLO0NvPsUg055w=
github.com/honeytrap/honeytrap-web v0.0.0-20180212153621-02944754979e/go.mod h1:HwePuuZKuCS4TMKes3pb8blMjoc/E2mXkAZA5DgMuvg=
github.com/honeytrap/protocol v0.0.0-20171220220410-b1ce3685e6db h1:KWB+aWKMSZ2rwAoWpdxFaWpzWl1w7jsctJJu7jcNdqI=
github.com/honeytrap/protocol v0.0.0-20171220220410-b1ce3685e6db/go.mod h1:AZtJR2ILmxZs9QwfgqnZxg5US1AYmf3oaqEFicJavNw=
github.com/lxc/go-lxc v0.0.0-20180227230311-2660c429a942/go.mod h1:CNKW+LaTS/HmFWZqT2mc01CqBGYYoJkeYQKmBeftk+I=
github.com/mailru/easyjson v0.0.0-20171120080333-32fa128f234d h1:bM4HYnlVXPgUKmzl7o3drEaVfOk+sTBiADAQOWjU+8I=
github.com/mailru/easyjson v0.0.0-20171120080333-32fa128f234d/go.mod h1:C1wdFJiN94OJF2b5HbByQZoLdCWB1Yqtg26g4irojpc=
github.com/mattn/go-colorable v0.0.9 h1:UVL0vNpWh04HeJXV0KLcaT7r06gOH2l4OW6ddYRUIY4=
github.com/mattn/go-colorable v0.0.9/go.mod h1:9vuHe8Xs5qXnSaW/c/ABM9alt+Vo+STaOChaDxuIBZU=
github.com/mattn/go-isatty v0.0.3 h1:ns/ykhmWi7G9O+8a448SecJU3nSMBXJfqQkl0upE1jI=
github.com/mattn/go-isatty v0.0.3/go.mod h1:M+lRXTBqGeGNdLjl/ufCoiOlB5xdOkqRJdNxMWT7Zi4=
github.com/miekg/dns v1.0.4 h1:Ec3LTJwwzqT1++63P12fhtdEbQhtPE7TBdD6rlhqrMM=
github.com/miekg/dns v1.0.4/go.mod h1:W1PPwlIAgtquWBMBEV9nkV9Cazfe8ScdGz/Lj7v3Nrg=
github.com/mimoo/StrobeGo v0.0.0-20171206114618-43f0c284a7f9 h1:rXQl0mQDlK5beZ8rIR3WZmCMG2PzMFCWiIqxI3o081s=
github.com/mimoo/StrobeGo v0.0.0-20171206114618-43f0c284a7f9/go.mod h1:43+3pMjjKimDBf5Kr4ZFNGbLql1zKkbImw+fZbw3geM=
github.com/mimoo/disco v0.0.0-20180114190844-15dd4b8476c9 h1:QUyNUfz6Gu9uoyeIFZYsCXWCH19E+FBupt2ZdRsRGpk=
github.com/mimoo/disco v0.0.0-20180114190844-15dd4b8476c9/go.mod h1:e/TByQFSiACZ6D2aOP/SZtLfiuOIKe1z0BigKmNeoA4=
github.com/op/go-logging v0.0.0-20160211212156-b2cb9fa56473 h1:J1QZwDXgZ4dJD2s19iqR9+U00OWM2kDzbf1O/fmvCWg=
github.com/op/go-logging v0.0.0-20160211212156-b2cb9fa56473/go.mod h1:HzydrMdWErDVzsI23lYNej1Htcns9BCg93Dk0bBINWk=
github.com/oschwald/maxminddb-golang v1.3.0 h1:oTh8IBSj10S5JNlUDg5WjJ1QdBMdeaZIkPEVfESSWgE=
github.com/oschwald/maxminddb-golang v1.3.0/go.mod h1:3jhIUymTJ5VREKyIhWm66LJiQt04F0UCDdodShpjWsY=
github.com/pierrec/lz4 v0.0.0-20171218195038-2fcda4cb7018 h1:evK2lBbc5w4EFMMs3onLGK1IqzGD3d0RsSGtLJGj+qg=
github.com/pierrec/lz4 v0.0.0-20171218195038-2fcda4cb7018/go.mod h1:pdkljMzZIN41W+lC3N2tnIh5sFi+IEE17M5jbnwPHcY=
github.com/pierrec/xxHash v0.1.1 h1:KP4NrV9023xp3M4FkTYfcXqWigsOCImL1ANJ7sh5vg4=
github.com/pierrec/xxHash v0.1.1/go.mod h1:w2waW5Zoa/Wc4Yqe0wgrIYAGKqRMf7czn2HNKXmuL+I=
github.com/pkg/errors v0.8.0 h1:WdK/asTD0HN+q6hsWO3/vpuAkAr+tw6aNJNDFFf0+qw=
github.com/pkg/errors v0.8.0/go.mod h1:bwawxfHBFNV+L2hUp1rHADufV3IMtnDRdf1r5NINEl0=
github.com/pkg/profile v1.2.1 h1:F++O52m40owAmADcojzM+9gyjmMOY/T4oYJkgFDH8RE=
github.com/pkg/profile v1.2.1/go.mod h1:hJw3o1OdXxsrSjjVksARp5W95eeEaEfptyVZyv6JUPA=
github.com/rcrowley/go-metrics v0.0.0-20180125231941-8732c616f529 h1:QdrarV+Ze3cQpiZZ410O4mpB0WUdOgMc3Rwu8zOmLVg=
github.com/rcrowley/go-metrics v0.0.0-20180125231941-8732c616f529/go.mod h1:bCqnVzQkZxMG4s8nGwiZ5l3QUCyqpo9Y+/ZMZ9VjZe4=
github.com/rs/xid v0.0.0-20170604230408-02dd45c33376 h1:pisBoZ1sLLFc+g7EZflpvatXVqmQKv8EjPP8/radknQ=
github.com/rs/xid v0.0.0-20170604230408-02dd45c33376/go.mod h1:+uKXf+4Djp6Md1KODXJxgGQPKngRmWyn10oCKFzNHOQ=
github.com/satori/go.uuid v1.2.0 h1:0uYX9dsZ2yD7q2RtLRtPSdGDWzjeM3TbMJP9utgA0ww=
github.com/satori/go.uuid v1.2.0/go.mod h1:dA0hQrYB0VpLJoorglMZABFdXlWrHn1NEOzdhQKdks0=
github.com/songgao/packets v0.0.0-20160404182456-549a10cd4091 h1:1zN6ImoqhSJhN8hGXFaJlSC8msLmIbX8bFqOfWLKw0w=
github.com/songgao/packets v0.0.0-20160404182456-549a10cd4091/go.mod h1:N20Z5Y8oye9a7HmytmZ+tr8Q2vlP0tAHP13kTHzwvQY=
github.com/songgao/water v0.0.0-20180221190335-75f112d19d5a h1:wa4l75k/N4MDyDqIaGuFmq9xyIET2pHTBcW8hlzyajg=
github.com/songgao/water v0.0.0-20180221190335-75f112d19d5a/go.mod h1:P5HUIBuIWKbyjl083/loAegFkfbFNx5i2qEP4CNbm7E=
github.com/streadway/amqp v0.0.0-20180315184602-8e4aba63da9f h1:q//3aFQhyA8sBywUCO9DlDoFZFitzVhnght/YhKrQ6s=
github.com/streadway/amqp v0.0.0-20180315184602-8e4aba63da9f/go.mod h1:1WNBiOZtZQLpVAyu0iTduoJL9hEsMloAK5XWrtW0xdY=
github.com/vishvananda/netlink v1.0.0 h1:bqNY2lgheFIu1meHUFSH3d7vG93AFyqg3oGbJCOJgSM=
github.com/vishvananda/netlink v1.0.0/go.mod h1:+SR5DhBJrl6ZM7CoCKvpw5BKroDKQ+PJqOg65H/2ktk=
github.com/vishvananda/netns v0.0.0-20171111001504-be1fbeda1936 h1:J9gO8RJCAFlln1jsvRba/CWVUnMHwObklfxxjErl1uk=
github.com/vishvananda/netns v0.0.0-20171111001504-be1fbeda1936/go.mod h1:ZjcWmFBXmLKZu9Nxj3WKYEafiSqer2rnvPr0en9UNpI=
github.com/yuin/gopher-lua v0.0.0-20181109042959-a0dfe84f6227 h1:GRy+0tGtORsCA+CJUMfhLuN71eQ0LtsQRDBQKbzESdc=
github.com/yuin/gopher-lua v0.0.0-20181109042959-a0dfe84f6227/go.mod h1:fFiAh+CowNFr0NK5VASokuwKwkbacRmHsVA7Yb1Tqac=
golang.org/x/crypto v0.0.0-20180621125126-a49355c7e3f8 h1:h7zdf0RiEvWbYBKIx4b+q41xoUVnMmvsGZnIVE5syG8=
golang.org/x/crypto v0.0.0-20180621125126-a49355c7e3f8/go.mod h1:6SG95UA2DQfeDnfUPMdvaQW0Q7yPrPDi9nlGo2tz2b4=
golang.org/x/net v0.0.0-20180218175443-cbe0f9307d01 h1:po1f06KS05FvIQQA2pMuOWZAUXiy1KYdIf0ElUU2Hhc=
golang.org/x/net v0.0.0-20180218175443-cbe0f9307d01/go.mod h1:mL1N/T3taQHkDXs73rZJwtUhF3w3ftmwwsq0BUmARs4=
golang.org/x/sys v0.0.0-20180709060233-1b2967e3c290 h1:lPmtvIvpa5gZbfK5Ms5fXR7KNpdSKkKE0W15ED+0p/U=
golang.org/x/sys v0.0.0-20180709060233-1b2967e3c290/go.mod h1:STP8DvDyc/dI5b8T5hshtkjS+E42TnysNCUPdjciGhY=
golang.org/x/time v0.0.0-20170927054726-6dc17368e09b h1:3X+R0qq1+64izd8es+EttB6qcY+JDlVmAhpRXl7gpzU=
golang.org/x/time v0.0.0-20170927054726-6dc17368e09b/go.mod h1:tRJNPiyCQ0inRvYxbN9jk5I+vvW/OXSQhTDSoE431IQ=
gopkg.in/olivere/elastic.v5 v5.0.65 h1:/Z27tcUa/IMzA8QFwUQPJW7u10GoWRoaubQONmCaTNs=
gopkg.in/olivere/elastic.v5 v5.0.65/go.mod h1:FylZT6jQWtfHsicejzOm3jIMVPOAksa80i3o+6qtQRk=
gopkg.in/urfave/cli.v1 v1.20.0 h1:NdAVW6RYxDif9DhDHaAortIu956m2c0v+09AZBPTbE0=
gopkg.in/urfave/cli.v1 v1.20.0/go.mod h1:vuBzUtMdQeixQj8LVd+/98pzhxNGQoyuPBlsXHOQNO0=
