# This file is autogenerated, do not edit; changes may be undone by the next 'dep ensure'.


[[projects]]
  name = "github.com/BurntSushi/toml"
  packages = ["."]
  revision = "b26d9c308763d68093482582cea63d69be07a0f0"
  version = "v0.3.0"

[[projects]]
  name = "github.com/boltdb/bolt"
  packages = ["."]
  revision = "583e8937c61f1af6513608ccc75c97b6abdf4ff9"
  version = "v1.3.0"

[[projects]]
  name = "github.com/dimfeld/httptreemux"
  packages = ["."]
  revision = "86f7c217d9043ebc6adfd8e2ed04a0bb1e1db651"
  version = "v3.8.0"

[[projects]]
  branch = "master"
  name = "github.com/elazarl/go-bindata-assetfs"
  packages = ["."]
  revision = "30f82fa23fd844bd5bb1e5f216db87fd77b5eb43"

[[projects]]
  name = "github.com/fatih/color"
  packages = ["."]
  revision = "570b54cabe6b8eb0bc2dfce68d964677d63b5260"
  version = "v1.5.0"

[[projects]]
  branch = "master"
  name = "github.com/glycerine/rbuf"
  packages = ["."]
  revision = "e57eda7aada105c8b00090b66e338a6413c3fbe9"

[[projects]]
  branch = "master"
  name = "github.com/golang/protobuf"
  packages = ["proto"]
  revision = "9f174c986221c608fb5143bd623b6076a71feae3"

[[projects]]
  name = "github.com/google/gopacket"
  packages = [".","layers","pcap","pcapgo"]
  revision = "b83f94714c36e30ce851be1d5a0a5226f9f1bca4"
  version = "v1.1.12"

[[projects]]
  name = "github.com/gorilla/websocket"
  packages = ["."]
  revision = "3ab3a8b8831546bd18fd182c20687ca853b2bb13"
  version = "v1.1.0"

[[projects]]
  branch = "v3"
  name = "github.com/honeytrap/golxc"
  packages = ["."]
  revision = "365776ef525bf6740eb39531895cb95f7d3fb2b5"

[[projects]]
  branch = "master"
  name = "github.com/honeytrap/honeytrap-web"
  packages = ["."]
  revision = "40a3ac1628261e59b1dcb1fddd650e3040e87165"

[[projects]]
  branch = "master"
  name = "github.com/honeytrap/namecon"
  packages = ["."]
  revision = "a0ff2ecde6914b6e6050422c1fe9a3275c7afd86"

[[projects]]
  name = "github.com/imdario/mergo"
  packages = ["."]
  revision = "3e95a51e0639b4cf372f2ccf74c86749d747fbdc"
  version = "0.2.2"

[[projects]]
  name = "github.com/mattn/go-colorable"
  packages = ["."]
  revision = "d228849504861217f796da67fae4f6e347643f15"
  version = "v0.0.7"

[[projects]]
  name = "github.com/mattn/go-isatty"
  packages = ["."]
  revision = "fc9e8d8ef48496124e79ae0df75490096eccf6fe"
  version = "v0.0.2"

[[projects]]
  name = "github.com/minio/cli"
  packages = ["."]
  revision = "8683fa7fef37cc8cb092f47bdb6b403e0049f9ee"
  version = "v1.3.0"

[[projects]]
  name = "github.com/op/go-logging"
  packages = ["."]
  revision = "b2cb9fa56473e98db8caba80237377e83fe44db5"
  version = "v1"

[[projects]]
  name = "github.com/pkg/profile"
  packages = ["."]
  revision = "5b67d428864e92711fcbd2f8629456121a56d91f"
  version = "v1.2.1"

[[projects]]
  name = "github.com/satori/go.uuid"
  packages = ["."]
  revision = "879c5887cd475cd7864858769793b2ceb0d44feb"
  version = "v1.1.0"

[[projects]]
  branch = "master"
  name = "golang.org/x/crypto"
  packages = ["curve25519","ed25519","ed25519/internal/edwards25519","ssh"]
  revision = "7e9105388ebff089b3f99f0ef676ea55a6da3a7e"

[[projects]]
  branch = "master"
  name = "golang.org/x/sys"
  packages = ["unix"]
  revision = "b90f89a1e7a9c1f6b918820b3daa7f08488c8594"

[solve-meta]
  analyzer-name = "dep"
  analyzer-version = 1
  inputs-digest = "66f4128f7f188cb66af98a2d4e639687688a7cc5068579231f72e1b692627e95"
  solver-name = "gps-cdcl"
  solver-version = 1
