# This file is autogenerated, do not edit; changes may be undone by the next 'dep ensure'.


[[projects]]
  branch = "master"
  digest = "1:9569a7b92f7af54783a882e5d37596401540a0cd5d97201f0b7d8ef457657733"
  name = "github.com/AndreasBriese/bbloom"
  packages = ["."]
  pruneopts = ""
  revision = "28f7e881ca57bc00e028f9ede9f0d9104cfeef5e"

[[projects]]
  digest = "1:289dd4d7abfb3ad2b5f728fbe9b1d5c1bf7d265a3eb9ef92869af1f7baba4c7a"
  name = "github.com/BurntSushi/toml"
  packages = ["."]
  pruneopts = ""
  revision = "b26d9c308763d68093482582cea63d69be07a0f0"
  version = "v0.3.0"

[[projects]]
  branch = "master"
  digest = "1:8b0e08ae13b73f3295112b6966ac44532bc414de205640cbb5fd1d5bb913699c"
  name = "github.com/Logicalis/asn1"
  packages = ["."]
  pruneopts = ""
  revision = "c9c836c1a3cd4b4696c1adf57ab887c36fc06fae"

[[projects]]
  digest = "1:753470f0f21d2482b86734111a485dc5eb03c0824e403a48303c87a1ce31affa"
  name = "github.com/Shopify/sarama"
  packages = ["."]
  pruneopts = ""
  revision = "f7be6aa2bc7b2e38edf816b08b582782194a1c02"
  version = "v1.16.0"

[[projects]]
  digest = "1:ed112122ed4a920d944cc99b9d00b0441c11685939c28462c719488d36fe29aa"
  name = "github.com/boltdb/bolt"
  packages = ["."]
  pruneopts = ""
  revision = "2f1ce7a837dcb8da3ec595b1dac9d0632f0f99e8"
  version = "v1.3.1"

[[projects]]
  digest = "1:56c130d885a4aacae1dd9c7b71cfe39912c7ebc1ff7d2b46083c8812996dc43b"
  name = "github.com/davecgh/go-spew"
  packages = ["spew"]
  pruneopts = ""
  revision = "346938d642f2ec3594ed81d874461961cd0faa76"
  version = "v1.1.0"

[[projects]]
  branch = "master"
  digest = "1:3fec5be73f2b8ff4a81e76b3b054021959faf8637e6923a80c4d79d2d798d4c4"
  name = "github.com/dgraph-io/badger"
  packages = [
    ".",
    "options",
    "protos",
    "skl",
    "table",
    "y",
  ]
  pruneopts = ""
  revision = "94594b20babfa448fdf604b6b58b94b14b2650d9"

[[projects]]
  branch = "master"
  digest = "1:2407d73d2349c9dd9d7b2c9fafcee9412444cb6cb261ee47ebb751b2a5507976"
  name = "github.com/dgryski/go-farm"
  packages = ["."]
  pruneopts = ""
  revision = "2de33835d10275975374b37b2dcfd22c9020a1f5"

[[projects]]
  digest = "1:023bbca591d34c3c510a0bd7629381164a3663289598fbbade2579de6f5467d8"
  name = "github.com/dimfeld/httptreemux"
  packages = ["."]
  pruneopts = ""
  revision = "13dde8a00d96b369e7398490fd8a3af9ca114b84"
  version = "v3.9.0"

[[projects]]
  branch = "master"
  digest = "1:8b89317cd6e0b00797c2aa4a4f3d64e58768007d753499b502f28755982a4c18"
  name = "github.com/dutchcoders/gobus"
  packages = ["."]
  pruneopts = ""
  revision = "ece5a7810d96387052e8e60fd4d9998b5b8cdb38"

[[projects]]
  digest = "1:f714fa0ab4449a2fe13d156446ac1c1e16bc85334e9be320d42bf8bee362ba45"
  name = "github.com/eapache/go-resiliency"
  packages = ["breaker"]
  pruneopts = ""
  revision = "6800482f2c813e689c88b7ed3282262385011890"
  version = "v1.0.0"

[[projects]]
  branch = "master"
  digest = "1:1f7503fa58a852a1416556ae2ddb219b49a1304fd408391948e2e3676514c48d"
  name = "github.com/eapache/go-xerial-snappy"
  packages = ["."]
  pruneopts = ""
  revision = "bb955e01b9346ac19dc29eb16586c90ded99a98c"

[[projects]]
  digest = "1:d8d46d21073d0f65daf1740ebf4629c65e04bf92e14ce93c2201e8624843c3d3"
  name = "github.com/eapache/queue"
  packages = ["."]
  pruneopts = ""
  revision = "44cc805cf13205b55f69e14bcb69867d1ae92f98"
  version = "v1.1.0"

[[projects]]
  branch = "master"
  digest = "1:e2750240971714d4cfda0b593b5f6b5fcb46798e5b6b721b930af4ad22fb9075"
  name = "github.com/elazarl/go-bindata-assetfs"
  packages = ["."]
  pruneopts = ""
  revision = "38087fe4dafb822e541b3f7955075cc1c30bd294"

[[projects]]
  digest = "1:d7d69c103aba5ea229451115b28ca06d061e3861b2f44bcd0100cbc65659c4d9"
  name = "github.com/fatih/color"
  packages = ["."]
  pruneopts = ""
  revision = "507f6050b8568533fb3f5504de8e5205fa62a114"
  version = "v1.6.0"

[[projects]]
  digest = "1:217e8619d5bba597792064f95f4a80a8b8abbc9adfa2bbb31707b96eee12b7d1"
  name = "github.com/fuyufjh/splunk-hec-go"
  packages = ["."]
  pruneopts = ""
  revision = "69956d6a6cbd511dade209563c3256c204c9ae51"
  version = "v0.3.3"

[[projects]]
  branch = "master"
  digest = "1:0732f9fc9267b3d83a796a969f486ffef425002d6ff46241dc675d117260fb0a"
  name = "github.com/glycerine/rbuf"
  packages = ["."]
  pruneopts = ""
  revision = "54320fe9f6f340f8fbe3f34306e3c32589d97dc4"

[[projects]]
  digest = "1:3cad99e0d1f94b8c162787c12e59d0a0b9df1ef75590eb145cdd625479091efe"
  name = "github.com/go-asn1-ber/asn1-ber"
  packages = ["."]
  pruneopts = ""
  revision = "379148ca0225df7a432012b8df0355c2a2063ac0"
  version = "v1.2"

[[projects]]
  branch = "master"
  digest = "1:f4aff6d33e1a2c27884e53c10a050ffb3c34fc74f161b2533b314abff4e1fc9f"
  name = "github.com/golang/protobuf"
  packages = ["proto"]
  pruneopts = ""
  revision = "bbd03ef6da3a115852eaf24c8a1c46aeb39aa175"

[[projects]]
  branch = "master"
  digest = "1:09307dfb1aa3f49a2bf869dcfa4c6c06ecd3c207221bd1c1a1141f0e51f209eb"
  name = "github.com/golang/snappy"
  packages = ["."]
  pruneopts = ""
  revision = "553a641470496b2327abcac10b36396bd98e45c9"

[[projects]]
  digest = "1:66ed5d51a32d4404775ff48bca9617780ad93f3211d3cb0ff85cb8f3cd49c78f"
  name = "github.com/google/gopacket"
  packages = [
    ".",
    "layers",
    "pcap",
    "pcapgo",
  ]
  pruneopts = ""
  revision = "11c65f1ca9081dfea43b4f9643f5c155583b73ba"
  version = "v1.1.14"

[[projects]]
  branch = "master"
  digest = "1:f0e2a1853ca151e488065562747e06dd8a7a163f16fdbd54387d7e8ca4a29952"
  name = "github.com/google/netstack"
  packages = [
    "ilist",
    "rand",
    "sleep",
    "tcpip",
    "tcpip/adapters/gonet",
    "tcpip/buffer",
    "tcpip/header",
    "tcpip/link/fdbased",
    "tcpip/link/rawfile",
    "tcpip/link/sniffer",
    "tcpip/link/tun",
    "tcpip/network/fragmentation",
    "tcpip/network/hash",
    "tcpip/network/ipv4",
    "tcpip/network/ipv6",
    "tcpip/ports",
    "tcpip/seqnum",
    "tcpip/stack",
    "tcpip/transport/tcp",
    "tcpip/transport/udp",
    "tmutex",
    "waiter",
  ]
  pruneopts = ""
  revision = "f6acab5d41900b58fc727ce27908f60b45ba3f7a"
  source = "github.com/honeytrap/netstack"

[[projects]]
  digest = "1:64d212c703a2b94054be0ce470303286b177ad260b2f89a307e3d1bb6c073ef6"
  name = "github.com/gorilla/websocket"
  packages = ["."]
  pruneopts = ""
  revision = "ea4d1f681babbce9545c9c5f3d5194a789c89f5b"
  version = "v1.2.0"

[[projects]]
  branch = "master"
  digest = "1:211f29d3c52bb8e5dbc9a19eaf662037d4b3b4c791cf0037247a9089b33777b3"
  name = "github.com/honeytrap/honeytrap-web"
  packages = ["."]
  pruneopts = ""
  revision = "02944754979e7be761b0a3459a99c4dc85e3bbec"

[[projects]]
  branch = "master"
  digest = "1:60b2b8ec42bcaedc078bbf1046a12ae9be7d0717f2931a747e70d4b135453b42"
  name = "github.com/honeytrap/protocol"
  packages = ["."]
  pruneopts = ""
  revision = "b1ce3685e6dbd9d813b76ee47ca2ce08de8aa530"

[[projects]]
  branch = "v2"
  digest = "1:51c3a3feeb68f3b5b2e8c001dfb8d6ba3ce26c6e9738e1b62a632ff9d87ccf86"
  name = "github.com/lxc/go-lxc"
  packages = ["."]
  pruneopts = ""
  revision = "2660c429a942a4a21455765c7046dde612c1baa7"

[[projects]]
  branch = "master"
  digest = "1:ccc20cacf54eb16464dad02efa1c14fa7c0b9e124639b0d2a51dcc87b0154e4c"
  name = "github.com/mailru/easyjson"
  packages = [
    ".",
    "buffer",
    "jlexer",
    "jwriter",
  ]
  pruneopts = ""
  revision = "32fa128f234d041f196a9f3e0fea5ac9772c08e1"

[[projects]]
  digest = "1:9ea83adf8e96d6304f394d40436f2eb44c1dc3250d223b74088cc253a6cd0a1c"
  name = "github.com/mattn/go-colorable"
  packages = ["."]
  pruneopts = ""
  revision = "167de6bfdfba052fa6b2d3664c8f5272e23c9072"
  version = "v0.0.9"

[[projects]]
  digest = "1:78229b46ddb7434f881390029bd1af7661294af31f6802e0e1bedaad4ab0af3c"
  name = "github.com/mattn/go-isatty"
  packages = ["."]
  pruneopts = ""
  revision = "0360b2af4f38e8d38c7fce2a9f4e702702d73a39"
  version = "v0.0.3"

[[projects]]
  digest = "1:72b4570e31cb1b1f1f64571920de763ace67589c0a01b2b0d0013753c5b03f80"
  name = "github.com/miekg/dns"
  packages = ["."]
  pruneopts = ""
  revision = "5364553f1ee9cddc7ac8b62dce148309c386695b"
  version = "v1.0.4"

[[projects]]
  branch = "master"
  digest = "1:3ef3a47349c8454c5ece9ac7d3997b0ac93b5ac0643eece1d4e9357db1bcc9c5"
  name = "github.com/mimoo/StrobeGo"
  packages = ["strobe"]
  pruneopts = ""
  revision = "43f0c284a7f9a40527b14a06a93a1a69f480cf91"

[[projects]]
  branch = "master"
  digest = "1:f4b0a8253e50451716db37951795cf6ecc524282e973fea67f8d2c672509d963"
  name = "github.com/mimoo/disco"
  packages = ["libdisco"]
  pruneopts = ""
  revision = "15dd4b8476c9fa493b19fb83b07f4ac19f67a993"

[[projects]]
  digest = "1:8e4f739f290a3d6f38b7b6d8f704be3fbff599f755e16745a1983f3e6e1b0b7e"
  name = "github.com/op/go-logging"
  packages = ["."]
  pruneopts = ""
  revision = "b2cb9fa56473e98db8caba80237377e83fe44db5"
  version = "v1"

[[projects]]
  digest = "1:7969da886be0911d00bbce51a36af03c5121fd9d734994ba98c41b6b0d83c15e"
  name = "github.com/oschwald/maxminddb-golang"
  packages = ["."]
  pruneopts = ""
  revision = "c5bec84d1963260297932a1b7a1753c8420717a7"
  version = "v1.3.0"

[[projects]]
  digest = "1:52b8f1dc01c8a930900aa94e227b0c4c36e7102a5b124687ff1f88a221590234"
  name = "github.com/pierrec/lz4"
  packages = ["."]
  pruneopts = ""
  revision = "2fcda4cb7018ce05a25959d2fe08c83e3329f169"
  version = "v1.1"

[[projects]]
  digest = "1:ff95a6c61f34f32e57833783059c80274d84e9c74e6e315c3dc2e93e9bf3dab9"
  name = "github.com/pierrec/xxHash"
  packages = ["xxHash32"]
  pruneopts = ""
  revision = "f051bb7f1d1aaf1b5a665d74fb6b0217712c69f7"
  version = "v0.1.1"

[[projects]]
  digest = "1:7365acd48986e205ccb8652cc746f09c8b7876030d53710ea6ef7d0bd0dcd7ca"
  name = "github.com/pkg/errors"
  packages = ["."]
  pruneopts = ""
  revision = "645ef00459ed84a119197bfb8d8205042c6df63d"
  version = "v0.8.0"

[[projects]]
  digest = "1:1cbc6b98173422a756ae79e485952cb37a0a460c710541c75d3e9961c5a60782"
  name = "github.com/pkg/profile"
  packages = ["."]
  pruneopts = ""
  revision = "5b67d428864e92711fcbd2f8629456121a56d91f"
  version = "v1.2.1"

[[projects]]
  branch = "master"
  digest = "1:b735d1c7f79d73bbbec30d4874ef521e0f02b73f7394d5daa527747ac367df5c"
  name = "github.com/rcrowley/go-metrics"
  packages = ["."]
  pruneopts = ""
  revision = "8732c616f52954686704c8645fe1a9d59e9df7c1"

[[projects]]
  digest = "1:0c2dfe3fd3435ffcdaab41656491d146eb0d24730e2fad0f45919e07e8d7eb3d"
  name = "github.com/rs/xid"
  packages = ["."]
  pruneopts = ""
  revision = "02dd45c33376f85d1064355dc790dcc4850596b1"
  version = "v1.1"

[[projects]]
  digest = "1:7f569d906bdd20d906b606415b7d794f798f91a62fcfb6a4daa6d50690fb7a3f"
  name = "github.com/satori/go.uuid"
  packages = ["."]
  pruneopts = ""
  revision = "f58768cc1a7a7e77a3bd49e98cdd21419399b6a3"
  version = "v1.2.0"

[[projects]]
  branch = "master"
  digest = "1:eafa81debbe1dd14ff19f7c5209cc9641e98ac5a19562848a3ea663e44eec724"
  name = "github.com/songgao/packets"
  packages = ["ethernet"]
  pruneopts = ""
  revision = "549a10cd4091c1e78542d3bb357036299cb9fcd6"

[[projects]]
  branch = "master"
  digest = "1:8315cc0b799ba5b6f9a4eab54a60e3444075396dd35145b299e029008efff256"
  name = "github.com/songgao/water"
  packages = ["."]
  pruneopts = ""
  revision = "75f112d19d5aea614d21536454cd9e76c4a73ddb"

[[projects]]
  branch = "master"
  digest = "1:699b833c1cb6492979003ba49de4d4a6eecbe70c5a070e6382025efe142aa7a7"
  name = "github.com/streadway/amqp"
  packages = ["."]
  pruneopts = ""
  revision = "8e4aba63da9fc5571e01c6a45dc809a58cbc5a68"

[[projects]]
  digest = "1:dc7dae4a4ee322cb9852ba4cec6a0a61815cc2870d79b0c25edfb75e3bd618ec"
  name = "github.com/vishvananda/netlink"
  packages = [
    ".",
    "nl",
  ]
  pruneopts = ""
  revision = "a2ad57a690f3caf3015351d2d6e1c0b95c349752"
  version = "v1.0.0"

[[projects]]
  branch = "master"
  digest = "1:7e739a630da0238a2152251aa038a12c46aa077df9fba30470880a26c3bd9eef"
  name = "github.com/vishvananda/netns"
  packages = ["."]
  pruneopts = ""
  revision = "be1fbeda19366dea804f00efff2dd73a1642fdcc"

[[projects]]
  branch = "master"
  digest = "1:18d82d5070c23e604a017ff951fb23f971f5495af3f02932c0b622f2a8746042"
  name = "github.com/yuin/gopher-lua"
  packages = [
    ".",
    "ast",
    "parse",
    "pm",
  ]
  pruneopts = ""
  revision = "a0dfe84f6227cda1c5f975bf3e35d55ae0d3df61"

[[projects]]
  branch = "master"
  digest = "1:6ef14be530be39b6b9d75d54ce1d546ae9231e652d9e3eef198cbb19ce8ed3e7"
  name = "golang.org/x/crypto"
  packages = [
    "chacha20poly1305",
    "curve25519",
    "ed25519",
    "ed25519/internal/edwards25519",
    "internal/chacha20",
    "internal/subtle",
    "poly1305",
    "ssh",
    "ssh/terminal",
  ]
  pruneopts = ""
  revision = "a49355c7e3f8fe157a85be2f77e6e269a0f89602"

[[projects]]
  branch = "master"
  digest = "1:b4ba046df563f56fe42b6270b20039107a37e1ab47c97aa47a16f848aa5b6d9a"
  name = "golang.org/x/net"
  packages = [
    "bpf",
    "context",
    "internal/iana",
    "internal/socket",
    "internal/timeseries",
    "ipv4",
    "ipv6",
    "trace",
  ]
  pruneopts = ""
  revision = "cbe0f9307d0156177f9dd5dc85da1a31abc5f2fb"

[[projects]]
  branch = "master"
  digest = "1:19f072f12708aaafef9064b49432953e3f813a98fcb356b30831cf2b0f5272b3"
  name = "golang.org/x/sys"
  packages = [
    "cpu",
    "unix",
    "windows",
    "windows/registry",
  ]
  pruneopts = ""
  revision = "1b2967e3c290b7c545b3db0deeda16e9be4f98a2"

[[projects]]
  branch = "master"
  digest = "1:962626db478d8aa0ae5a1d99c2b367acc756346c6657780a91252cfda66a67d3"
  name = "golang.org/x/time"
  packages = ["rate"]
  pruneopts = ""
  revision = "6dc17368e09b0e8634d71cac8168d853e869a0c7"

[[projects]]
  digest = "1:2b24f3b238dd84491a61fff8d015f3d3250591977428d3089e6f1914b053f34d"
  name = "gopkg.in/olivere/elastic.v5"
  packages = [
    ".",
    "config",
    "uritemplates",
  ]
  pruneopts = ""
  revision = "02f6a01dc7f7fd2d65e89121e881aae3ba577a9a"
  version = "v5.0.65"

[[projects]]
  digest = "1:e85837cb04b78f61688c6eba93ea9d14f60d611e2aaf8319999b1a60d2dafbfa"
  name = "gopkg.in/urfave/cli.v1"
  packages = ["."]
  pruneopts = ""
  revision = "cfb38830724cc34fedffe9a2a29fb54fa9169cd1"
  version = "v1.20.0"

[solve-meta]
  analyzer-name = "dep"
  analyzer-version = 1
  input-imports = [
    "github.com/BurntSushi/toml",
    "github.com/Logicalis/asn1",
    "github.com/Shopify/sarama",
    "github.com/boltdb/bolt",
    "github.com/dgraph-io/badger",
    "github.com/dgraph-io/badger/options",
    "github.com/dimfeld/httptreemux",
    "github.com/dutchcoders/gobus",
    "github.com/elazarl/go-bindata-assetfs",
    "github.com/fatih/color",
    "github.com/fuyufjh/splunk-hec-go",
    "github.com/glycerine/rbuf",
    "github.com/go-asn1-ber/asn1-ber",
    "github.com/golang/protobuf/proto",
    "github.com/google/gopacket",
    "github.com/google/gopacket/layers",
    "github.com/google/gopacket/pcap",
    "github.com/google/gopacket/pcapgo",
    "github.com/google/netstack/tcpip",
    "github.com/google/netstack/tcpip/adapters/gonet",
    "github.com/google/netstack/tcpip/buffer",
    "github.com/google/netstack/tcpip/header",
    "github.com/google/netstack/tcpip/link/fdbased",
    "github.com/google/netstack/tcpip/link/rawfile",
    "github.com/google/netstack/tcpip/link/sniffer",
    "github.com/google/netstack/tcpip/link/tun",
    "github.com/google/netstack/tcpip/network/ipv4",
    "github.com/google/netstack/tcpip/network/ipv6",
    "github.com/google/netstack/tcpip/stack",
    "github.com/google/netstack/tcpip/transport/tcp",
    "github.com/google/netstack/tcpip/transport/udp",
    "github.com/google/netstack/waiter",
    "github.com/gorilla/websocket",
    "github.com/honeytrap/honeytrap-web",
    "github.com/honeytrap/protocol",
    "github.com/lxc/go-lxc",
    "github.com/mattn/go-isatty",
    "github.com/miekg/dns",
    "github.com/mimoo/disco/libdisco",
    "github.com/op/go-logging",
    "github.com/oschwald/maxminddb-golang",
    "github.com/pkg/profile",
    "github.com/rs/xid",
    "github.com/satori/go.uuid",
    "github.com/songgao/packets/ethernet",
    "github.com/songgao/water",
    "github.com/streadway/amqp",
    "github.com/vishvananda/netlink",
    "github.com/yuin/gopher-lua",
    "golang.org/x/crypto/chacha20poly1305",
    "golang.org/x/crypto/curve25519",
    "golang.org/x/crypto/ssh",
    "golang.org/x/crypto/ssh/terminal",
    "golang.org/x/time/rate",
    "gopkg.in/olivere/elastic.v5",
    "gopkg.in/urfave/cli.v1",
  ]
  solver-name = "gps-cdcl"
  solver-version = 1
