# This file is autogenerated, do not edit; changes may be undone by the next 'dep ensure'.


[[projects]]
  branch = "master"
  name = "github.com/AndreasBriese/bbloom"
  packages = ["."]
  revision = "28f7e881ca57bc00e028f9ede9f0d9104cfeef5e"

[[projects]]
  name = "github.com/BurntSushi/toml"
  packages = ["."]
  revision = "b26d9c308763d68093482582cea63d69be07a0f0"
  version = "v0.3.0"

[[projects]]
  name = "github.com/Shopify/sarama"
  packages = ["."]
  revision = "bbdbe644099b7fdc8327d5cc69c030945188b2e9"
  version = "v1.13.0"

[[projects]]
  name = "github.com/boltdb/bolt"
  packages = ["."]
  revision = "2f1ce7a837dcb8da3ec595b1dac9d0632f0f99e8"
  version = "v1.3.1"

[[projects]]
  name = "github.com/davecgh/go-spew"
  packages = ["spew"]
  revision = "346938d642f2ec3594ed81d874461961cd0faa76"
  version = "v1.1.0"

[[projects]]
  name = "github.com/dgraph-io/badger"
  packages = [".","options","protos","skl","table","y"]
  revision = "c7225883aa76fb3dd4707923c67c64bc1b4631bc"
  version = "v1.1.0"

[[projects]]
  branch = "master"
  name = "github.com/dgryski/go-farm"
  packages = ["."]
  revision = "78658e5234cd0441f634c663fae5badf239dc817"

[[projects]]
  name = "github.com/dimfeld/httptreemux"
  packages = ["."]
  revision = "13dde8a00d96b369e7398490fd8a3af9ca114b84"
  version = "v3.9.0"

[[projects]]
  name = "github.com/eapache/go-resiliency"
  packages = ["breaker"]
  revision = "6800482f2c813e689c88b7ed3282262385011890"
  version = "v1.0.0"

[[projects]]
  branch = "master"
  name = "github.com/eapache/go-xerial-snappy"
  packages = ["."]
  revision = "bb955e01b9346ac19dc29eb16586c90ded99a98c"

[[projects]]
  name = "github.com/eapache/queue"
  packages = ["."]
  revision = "ded5959c0d4e360646dc9e9908cff48666781367"
  version = "v1.0.2"

[[projects]]
  branch = "master"
  name = "github.com/elazarl/go-bindata-assetfs"
  packages = ["."]
  revision = "30f82fa23fd844bd5bb1e5f216db87fd77b5eb43"

[[projects]]
  name = "github.com/fatih/color"
  packages = ["."]
  revision = "570b54cabe6b8eb0bc2dfce68d964677d63b5260"
  version = "v1.5.0"

[[projects]]
  name = "github.com/fuyufjh/splunk-hec-go"
  packages = ["."]
  revision = "69956d6a6cbd511dade209563c3256c204c9ae51"
  version = "v0.3.3"

[[projects]]
  branch = "master"
  name = "github.com/glycerine/rbuf"
  packages = ["."]
  revision = "9e41ac02ea26845b942ab8517583e964bdd8365d"

[[projects]]
  branch = "master"
  name = "github.com/golang/protobuf"
  packages = ["proto"]
  revision = "1643683e1b54a9e88ad26d98f81400c8c9d9f4f9"

[[projects]]
  branch = "master"
  name = "github.com/golang/snappy"
  packages = ["."]
  revision = "553a641470496b2327abcac10b36396bd98e45c9"

[[projects]]
  name = "github.com/google/gopacket"
  packages = [".","layers","pcap","pcapgo"]
  revision = "11c65f1ca9081dfea43b4f9643f5c155583b73ba"
  version = "v1.1.14"

[[projects]]
  branch = "master"
  name = "github.com/google/netstack"
  packages = ["ilist","sleep","tcpip","tcpip/buffer","tcpip/header","tcpip/link/fdbased","tcpip/link/rawfile","tcpip/link/tun","tcpip/network/fragmentation","tcpip/network/hash","tcpip/network/ipv4","tcpip/network/ipv6","tcpip/ports","tcpip/seqnum","tcpip/stack","tcpip/transport/tcp","tmutex","waiter"]
  revision = "edcfca33ca347f59a1393986a5d216a5f183ae28"

[[projects]]
  name = "github.com/gorilla/websocket"
  packages = ["."]
  revision = "ea4d1f681babbce9545c9c5f3d5194a789c89f5b"
  version = "v1.2.0"

[[projects]]
  branch = "v3"
  name = "github.com/honeytrap/golxc"
  packages = ["."]
  revision = "365776ef525bf6740eb39531895cb95f7d3fb2b5"

[[projects]]
  branch = "master"
  name = "github.com/honeytrap/honeytrap-web"
  packages = ["."]
  revision = "40a3ac1628261e59b1dcb1fddd650e3040e87165"

[[projects]]
  branch = "master"
  name = "github.com/honeytrap/protocol"
  packages = ["."]
  revision = "b1ce3685e6dbd9d813b76ee47ca2ce08de8aa530"

[[projects]]
  name = "github.com/mattn/go-colorable"
  packages = ["."]
  revision = "167de6bfdfba052fa6b2d3664c8f5272e23c9072"
  version = "v0.0.9"

[[projects]]
  name = "github.com/mattn/go-isatty"
  packages = ["."]
  revision = "0360b2af4f38e8d38c7fce2a9f4e702702d73a39"
  version = "v0.0.3"

[[projects]]
  name = "github.com/mattn/go-sqlite3"
  packages = ["."]
  revision = "5160b48509cf5c877bc22c11c373f8c7738cdb38"
  version = "v1.3.0"

[[projects]]
  branch = "master"
  name = "github.com/mimoo/StrobeGo"
  packages = ["strobe"]
  revision = "43f0c284a7f9a40527b14a06a93a1a69f480cf91"

[[projects]]
  branch = "master"
  name = "github.com/mimoo/disco"
  packages = ["libdisco"]
  revision = "15dd4b8476c9fa493b19fb83b07f4ac19f67a993"

[[projects]]
  name = "github.com/op/go-logging"
  packages = ["."]
  revision = "b2cb9fa56473e98db8caba80237377e83fe44db5"
  version = "v1"

[[projects]]
  name = "github.com/pierrec/lz4"
  packages = ["."]
  revision = "08c27939df1bd95e881e2c2367a749964ad1fceb"
  version = "v1.0.1"

[[projects]]
  name = "github.com/pierrec/xxHash"
  packages = ["xxHash32"]
  revision = "f051bb7f1d1aaf1b5a665d74fb6b0217712c69f7"
  version = "v0.1.1"

[[projects]]
  name = "github.com/pkg/errors"
  packages = ["."]
  revision = "645ef00459ed84a119197bfb8d8205042c6df63d"
  version = "v0.8.0"

[[projects]]
  name = "github.com/pkg/profile"
  packages = ["."]
  revision = "5b67d428864e92711fcbd2f8629456121a56d91f"
  version = "v1.2.1"

[[projects]]
  branch = "master"
  name = "github.com/rcrowley/go-metrics"
  packages = ["."]
  revision = "1f30fe9094a513ce4c700b9a54458bbb0c96996c"

[[projects]]
  name = "github.com/rs/xid"
  packages = ["."]
  revision = "02dd45c33376f85d1064355dc790dcc4850596b1"
  version = "v1.1"

[[projects]]
  name = "github.com/satori/go.uuid"
  packages = ["."]
  revision = "879c5887cd475cd7864858769793b2ceb0d44feb"
  version = "v1.1.0"

[[projects]]
  branch = "master"
  name = "github.com/songgao/packets"
  packages = ["ethernet"]
  revision = "549a10cd4091c1e78542d3bb357036299cb9fcd6"

[[projects]]
  branch = "master"
  name = "github.com/songgao/water"
  packages = ["."]
  revision = "dc106b419556b93288adff21fe0c86e8c9b10f9b"

[[projects]]
  branch = "master"
  name = "golang.org/x/crypto"
  packages = ["curve25519","ed25519","ed25519/internal/edwards25519","ssh","ssh/terminal"]
  revision = "2509b142fb2b797aa7587dad548f113b2c0f20ce"

[[projects]]
  branch = "master"
  name = "golang.org/x/net"
  packages = ["context","internal/timeseries","trace"]
  revision = "7b572d500b0702f1ea30a47083ce2e1e5c61edba"

[[projects]]
  branch = "master"
  name = "golang.org/x/sync"
  packages = ["syncmap"]
  revision = "8e0aa688b654ef28caa72506fa5ec8dba9fc7690"

[[projects]]
  branch = "master"
  name = "golang.org/x/sys"
  packages = ["unix","windows","windows/registry"]
  revision = "0649f9fe46d917da5591af4d4784b6badd31d7e5"

[[projects]]
  name = "gopkg.in/olivere/elastic.v5"
  packages = [".","config","uritemplates"]
  revision = "171ce647da4acfb30ffc99981d66d80bdea6bcee"
  version = "v5.0.53"

[[projects]]
  name = "gopkg.in/urfave/cli.v1"
  packages = ["."]
  revision = "cfb38830724cc34fedffe9a2a29fb54fa9169cd1"
  version = "v1.20.0"

[solve-meta]
  analyzer-name = "dep"
  analyzer-version = 1
  inputs-digest = "711b36c045751858455df80e5365674e5814ad97565d573e5be618405948b94b"
  solver-name = "gps-cdcl"
  solver-version = 1
